
Microsoft Visual Studio Solution File, Format Version 12.00
# Visual Studio Version 16
VisualStudioVersion = 16.0.30523.141
MinimumVisualStudioVersion = 10.0.40219.1
Project("{FAE04EC0-301F-11D3-BF4B-00C04F79EFBC}") = "TicTacToe", "TicTacToe\TicTacToe.csproj", "{67D46BDC-812D-4150-8BC6-C243BA511A73}"
EndProject
Global
	GlobalSection(SolutionConfigurationPlatforms) = preSolution
		Debug|Any CPU = Debug|Any CPU
		Release|Any CPU = Release|Any CPU
	EndGlobalSection
	GlobalSection(ProjectConfigurationPlatforms) = postSolution
		{67D46BDC-812D-4150-8BC6-C243BA511A73}.Debug|Any CPU.ActiveCfg = Debug|Any CPU
		{67D46BDC-812D-4150-8BC6-C243BA511A73}.Debug|Any CPU.Build.0 = Debug|Any CPU
		{67D46BDC-812D-4150-8BC6-C243BA511A73}.Release|Any CPU.ActiveCfg = Release|Any CPU
		{67D46BDC-812D-4150-8BC6-C243BA511A73}.Release|Any CPU.Build.0 = Release|Any CPU
	EndGlobalSection
	GlobalSection(SolutionProperties) = preSolution
		HideSolutionNode = FALSE
	EndGlobalSection
	GlobalSection(ExtensibilityGlobals) = postSolution
		SolutionGuid = {171E7E2F-6F65-4C36-8CF5-7CC796395B1C}
	EndGlobalSection
EndGlobal
